{
  "name": "express-server",
  "version": "1.0.0",
  "lockfileVersion": 1,
  "requires": true,
  "dependencies": {
    "express-method-override": {
      "version": "0.0.3",
      "resolved": "https://registry.npmjs.org/express-method-override/-/express-method-override-0.0.3.tgz",
      "integrity": "sha1-rRwAY2ME7YLOfJTMD1AiGxKs0Yc="
    }
  }
}
